
Microsoft Visual Studio Solution File, Format Version 12.00
# Visual Studio 15
VisualStudioVersion = 15.0.27004.2006
MinimumVisualStudioVersion = 10.0.40219.1
Project("{FAE04EC0-301F-11D3-BF4B-00C04F79EFBC}") = "Day1", "Day1\Day1.csproj", "{4A2CC3B4-1CA0-451B-B590-A089BE579DE4}"
EndProject
Project("{FAE04EC0-301F-11D3-BF4B-00C04F79EFBC}") = "Day1Tests", "Day1Tests\Day1Tests.csproj", "{21A7CCDD-6454-4013-B2B7-A6B4959B7FBF}"
EndProject
Project("{FAE04EC0-301F-11D3-BF4B-00C04F79EFBC}") = "Day2", "Day2\Day2.csproj", "{BD8A0807-A771-4BE8-9C3D-DDFB6A7AB0AC}"
EndProject
Project("{FAE04EC0-301F-11D3-BF4B-00C04F79EFBC}") = "Day2Tests", "Day2Tests\Day2Tests.csproj", "{CF962DB5-F2F5-4C62-9EA4-A5E681905D40}"
EndProject
Project("{FAE04EC0-301F-11D3-BF4B-00C04F79EFBC}") = "Day3", "Day3\Day3.csproj", "{3125B10B-F928-4CB2-9A51-E4B2CE15F8C3}"
EndProject
Project("{FAE04EC0-301F-11D3-BF4B-00C04F79EFBC}") = "Day6", "Day5\Day6.csproj", "{29AD6BD6-C018-4EF9-8F83-A11B6246976B}"
EndProject
Project("{FAE04EC0-301F-11D3-BF4B-00C04F79EFBC}") = "Day6Tests", "Day5Tests\Day6Tests.csproj", "{B1A00B18-1532-4808-B342-6634D422E4A8}"
EndProject
Global
	GlobalSection(SolutionConfigurationPlatforms) = preSolution
		Debug|Any CPU = Debug|Any CPU
		Release|Any CPU = Release|Any CPU
	EndGlobalSection
	GlobalSection(ProjectConfigurationPlatforms) = postSolution
		{4A2CC3B4-1CA0-451B-B590-A089BE579DE4}.Debug|Any CPU.ActiveCfg = Debug|Any CPU
		{4A2CC3B4-1CA0-451B-B590-A089BE579DE4}.Debug|Any CPU.Build.0 = Debug|Any CPU
		{4A2CC3B4-1CA0-451B-B590-A089BE579DE4}.Release|Any CPU.ActiveCfg = Release|Any CPU
		{4A2CC3B4-1CA0-451B-B590-A089BE579DE4}.Release|Any CPU.Build.0 = Release|Any CPU
		{21A7CCDD-6454-4013-B2B7-A6B4959B7FBF}.Debug|Any CPU.ActiveCfg = Debug|Any CPU
		{21A7CCDD-6454-4013-B2B7-A6B4959B7FBF}.Debug|Any CPU.Build.0 = Debug|Any CPU
		{21A7CCDD-6454-4013-B2B7-A6B4959B7FBF}.Release|Any CPU.ActiveCfg = Release|Any CPU
		{21A7CCDD-6454-4013-B2B7-A6B4959B7FBF}.Release|Any CPU.Build.0 = Release|Any CPU
		{BD8A0807-A771-4BE8-9C3D-DDFB6A7AB0AC}.Debug|Any CPU.ActiveCfg = Debug|Any CPU
		{BD8A0807-A771-4BE8-9C3D-DDFB6A7AB0AC}.Debug|Any CPU.Build.0 = Debug|Any CPU
		{BD8A0807-A771-4BE8-9C3D-DDFB6A7AB0AC}.Release|Any CPU.ActiveCfg = Release|Any CPU
		{BD8A0807-A771-4BE8-9C3D-DDFB6A7AB0AC}.Release|Any CPU.Build.0 = Release|Any CPU
		{CF962DB5-F2F5-4C62-9EA4-A5E681905D40}.Debug|Any CPU.ActiveCfg = Debug|Any CPU
		{CF962DB5-F2F5-4C62-9EA4-A5E681905D40}.Debug|Any CPU.Build.0 = Debug|Any CPU
		{CF962DB5-F2F5-4C62-9EA4-A5E681905D40}.Release|Any CPU.ActiveCfg = Release|Any CPU
		{CF962DB5-F2F5-4C62-9EA4-A5E681905D40}.Release|Any CPU.Build.0 = Release|Any CPU
		{3125B10B-F928-4CB2-9A51-E4B2CE15F8C3}.Debug|Any CPU.ActiveCfg = Debug|Any CPU
		{3125B10B-F928-4CB2-9A51-E4B2CE15F8C3}.Debug|Any CPU.Build.0 = Debug|Any CPU
		{3125B10B-F928-4CB2-9A51-E4B2CE15F8C3}.Release|Any CPU.ActiveCfg = Release|Any CPU
		{3125B10B-F928-4CB2-9A51-E4B2CE15F8C3}.Release|Any CPU.Build.0 = Release|Any CPU
		{29AD6BD6-C018-4EF9-8F83-A11B6246976B}.Debug|Any CPU.ActiveCfg = Debug|Any CPU
		{29AD6BD6-C018-4EF9-8F83-A11B6246976B}.Debug|Any CPU.Build.0 = Debug|Any CPU
		{29AD6BD6-C018-4EF9-8F83-A11B6246976B}.Release|Any CPU.ActiveCfg = Release|Any CPU
		{29AD6BD6-C018-4EF9-8F83-A11B6246976B}.Release|Any CPU.Build.0 = Release|Any CPU
		{B1A00B18-1532-4808-B342-6634D422E4A8}.Debug|Any CPU.ActiveCfg = Debug|Any CPU
		{B1A00B18-1532-4808-B342-6634D422E4A8}.Debug|Any CPU.Build.0 = Debug|Any CPU
		{B1A00B18-1532-4808-B342-6634D422E4A8}.Release|Any CPU.ActiveCfg = Release|Any CPU
		{B1A00B18-1532-4808-B342-6634D422E4A8}.Release|Any CPU.Build.0 = Release|Any CPU
	EndGlobalSection
	GlobalSection(SolutionProperties) = preSolution
		HideSolutionNode = FALSE
	EndGlobalSection
	GlobalSection(ExtensibilityGlobals) = postSolution
		SolutionGuid = {3C472FB5-1290-4316-9460-5BACE963A170}
	EndGlobalSection
EndGlobal
